// !$*UTF8*$!
{
	archiveVersion = 1;
	classes = {
	};
	objectVersion = 46;
	objects = {

/* Begin PBXBuildFile section */
		9891AFFC1DE5A0A700948E4F /* AppDelegate.swift in Sources */ = {isa = PBXBuildFile; fileRef = 9891AFFB1DE5A0A700948E4F /* AppDelegate.swift */; };
		9891AFFE1DE5A0A700948E4F /* ViewController.swift in Sources */ = {isa = PBXBuildFile; fileRef = 9891AFFD1DE5A0A700948E4F /* ViewController.swift */; };
		9891B0011DE5A0A700948E4F /* Main.storyboard in Resources */ = {isa = PBXBuildFile; fileRef = 9891AFFF1DE5A0A700948E4F /* Main.storyboard */; };
		9891B0031DE5A0A700948E4F /* Assets.xcassets in Resources */ = {isa = PBXBuildFile; fileRef = 9891B0021DE5A0A700948E4F /* Assets.xcassets */; };
		9891B0061DE5A0A700948E4F /* LaunchScreen.storyboard in Resources */ = {isa = PBXBuildFile; fileRef = 9891B0041DE5A0A700948E4F /* LaunchScreen.storyboard */; };
/* End PBXBuildFile section */

/* Begin PBXFileReference section */
		9891AFF81DE5A0A700948E4F /* MenuBars.app */ = {isa = PBXFileReference; explicitFileType = wrapper.application; includeInIndex = 0; path = MenuBars.app; sourceTree = BUILT_PRODUCTS_DIR; };
		9891AFFB1DE5A0A700948E4F /* AppDelegate.swift */ = {isa = PBXFileReference; lastKnownFileType = sourcecode.swift; path = AppDelegate.swift; sourceTree = "<group>"; };
		9891AFFD1DE5A0A700948E4F /* ViewController.swift */ = {isa = PBXFileReference; lastKnownFileType = sourcecode.swift; path = ViewController.swift; sourceTree = "<group>"; };
		9891B0001DE5A0A700948E4F /* Base */ = {isa = PBXFileReference; lastKnownFileType = file.storyboard; name = Base; path = Base.lproj/Main.storyboard; sourceTree = "<group>"; };
		9891B0021DE5A0A700948E4F /* Assets.xcassets */ = {isa = PBXFileReference; lastKnownFileType = folder.assetcatalog; path = Assets.xcassets; sourceTree = "<group>"; };
		9891B0051DE5A0A700948E4F /* Base */ = {isa = PBXFileReference; lastKnownFileType = file.storyboard; name = Base; path = Base.lproj/LaunchScreen.storyboard; sourceTree = "<group>"; };
		9891B0071DE5A0A700948E4F /* Info.plist */ = {isa = PBXFileReference; lastKnownFileType = text.plist.xml; path = Info.plist; sourceTree = "<group>"; };
/* End PBXFileReference section */

/* Begin PBXFrameworksBuildPhase section */
		9891AFF51DE5A0A700948E4F /* Frameworks */ = {
			isa = PBXFrameworksBuildPhase;
			buildActionMask = 2147483647;
			files = (
			);
			runOnlyForDeploymentPostprocessing = 0;
		};
/* End PBXFrameworksBuildPhase section */

/* Begin PBXGroup section */
		9891AFEF1DE5A0A700948E4F = {
			isa = PBXGroup;
			children = (
				9891AFFA1DE5A0A700948E4F /* MenuBars */,
				9891AFF91DE5A0A700948E4F /* Products */,
			);
			sourceTree = "<group>";
		};
		9891AFF91DE5A0A700948E4F /* Products */ = {
			isa = PBXGroup;
			children = (
				9891AFF81DE5A0A700948E4F /* MenuBars.app */,
			);
			name = Products;
			sourceTree = "<group>";
		};
		9891AFFA1DE5A0A700948E4F /* MenuBars */ = {
			isa = PBXGroup;
			children = (
				9891AFFB1DE5A0A700948E4F /* AppDelegate.swift */,
				9891AFFD1DE5A0A700948E4F /* ViewController.swift */,
				9891AFFF1DE5A0A700948E4F /* Main.storyboard */,
				9891B0021DE5A0A700948E4F /* Assets.xcassets */,
				9891B0041DE5A0A700948E4F /* LaunchScreen.storyboard */,
				9891B0071DE5A0A700948E4F /* Info.plist */,
			);
			path = MenuBars;
			sourceTree = "<group>";
		};
/* End PBXGroup section */

/* Begin PBXNativeTarget section */
		9891AFF71DE5A0A700948E4F /* MenuBars */ = {
			isa = PBXNativeTarget;
			buildConfigurationList = 9891B00A1DE5A0A700948E4F /* Build configuration list for PBXNativeTarget "MenuBars" */;
			buildPhases = (
				9891AFF41DE5A0A700948E4F /* Sources */,
				9891AFF51DE5A0A700948E4F /* Frameworks */,
				9891AFF61DE5A0A700948E4F /* Resources */,
			);
			buildRules = (
			);
			dependencies = (
			);
			name = MenuBars;
			productName = MenuBars;
			productReference = 9891AFF81DE5A0A700948E4F /* MenuBars.app */;
			productType = "com.apple.product-type.application";
		};
/* End PBXNativeTarget section */

/* Begin PBXProject section */
		9891AFF01DE5A0A700948E4F /* Project object */ = {
			isa = PBXProject;
			attributes = {
				LastSwiftUpdateCheck = 0810;
				LastUpgradeCheck = 0810;
				ORGANIZATIONNAME = marcexmachina;
				TargetAttributes = {
					9891AFF71DE5A0A700948E4F = {
						CreatedOnToolsVersion = 8.1;
						ProvisioningStyle = Automatic;
					};
				};
			};
			buildConfigurationList = 9891AFF31DE5A0A700948E4F /* Build configuration list for PBXProject "MenuBars" */;
			compatibilityVersion = "Xcode 3.2";
			developmentRegion = English;
			hasScannedForEncodings = 0;
			knownRegions = (
				en,
				Base,
			);
			mainGroup = 9891AFEF1DE5A0A700948E4F;
			productRefGroup = 9891AFF91DE5A0A700948E4F /* Products */;
			projectDirPath = "";
			projectRoot = "";
			targets = (
				9891AFF71DE5A0A700948E4F /* MenuBars */,
			);
		};
/* End PBXProject section */

/* Begin PBXResourcesBuildPhase section */
		9891AFF61DE5A0A700948E4F /* Resources */ = {
			isa = PBXResourcesBuildPhase;
			buildActionMask = 2147483647;
			files = (
				9891B0061DE5A0A700948E4F /* LaunchScreen.storyboard in Resources */,
				9891B0031DE5A0A700948E4F /* Assets.xcassets in Resources */,
				9891B0011DE5A0A700948E4F /* Main.storyboard in Resources */,
			);
			runOnlyForDeploymentPostprocessing = 0;
		};
/* End PBXResourcesBuildPhase section */

/* Begin PBXSourcesBuildPhase section */
		9891AFF41DE5A0A700948E4F /* Sources */ = {
			isa = PBXSourcesBuildPhase;
			buildActionMask = 2147483647;
			files = (
				9891AFFE1DE5A0A700948E4F /* ViewController.swift in Sources */,
				9891AFFC1DE5A0A700948E4F /* AppDelegate.swift in Sources */,
			);
			runOnlyForDeploymentPostprocessing = 0;
		};
/* End PBXSourcesBuildPhase section */

/* Begin PBXVariantGroup section */
		9891AFFF1DE5A0A700948E4F /* Main.storyboard */ = {
			isa = PBXVariantGroup;
			children = (
				9891B0001DE5A0A700948E4F /* Base */,
			);
			name = Main.storyboard;
			sourceTree = "<group>";
		};
		9891B0041DE5A0A700948E4F /* LaunchScreen.storyboard */ = {
			isa = PBXVariantGroup;
			children = (
				9891B0051DE5A0A700948E4F /* Base */,
			);
			name = LaunchScreen.storyboard;
			sourceTree = "<group>";
		};
/* End PBXVariantGroup section */

/* Begin XCBuildConfiguration section */
		9891B0081DE5A0A700948E4F /* Debug */ = {
			isa = XCBuildConfiguration;
			buildSettings = {
				ALWAYS_SEARCH_USER_PATHS = NO;
				CLANG_ANALYZER_NONNULL = YES;
				CLANG_CXX_LANGUAGE_STANDARD = "gnu++0x";
				CLANG_CXX_LIBRARY = "libc++";
				CLANG_ENABLE_MODULES = YES;
				CLANG_ENABLE_OBJC_ARC = YES;
				CLANG_WARN_BOOL_CONVERSION = YES;
				CLANG_WARN_CONSTANT_CONVERSION = YES;
				CLANG_WARN_DIRECT_OBJC_ISA_USAGE = YES_ERROR;
				CLANG_WARN_DOCUMENTATION_COMMENTS = YES;
				CLANG_WARN_EMPTY_BODY = YES;
				CLANG_WARN_ENUM_CONVERSION = YES;
				CLANG_WARN_INFINITE_RECURSION = YES;
				CLANG_WARN_INT_CONVERSION = YES;
				CLANG_WARN_OBJC_ROOT_CLASS = YES_ERROR;
				CLANG_WARN_SUSPICIOUS_MOVES = YES;
				CLANG_WARN_UNREACHABLE_CODE = YES;
				CLANG_WARN__DUPLICATE_METHOD_MATCH = YES;
				"CODE_SIGN_IDENTITY[sdk=iphoneos*]" = "iPhone Developer";
				COPY_PHASE_STRIP = NO;
				DEBUG_INFORMATION_FORMAT = dwarf;
				ENABLE_STRICT_OBJC_MSGSEND = YES;
				ENABLE_TESTABILITY = YES;
				GCC_C_LANGUAGE_STANDARD = gnu99;
				GCC_DYNAMIC_NO_PIC = NO;
				GCC_NO_COMMON_BLOCKS = YES;
				GCC_OPTIMIZATION_LEVEL = 0;
				GCC_PREPROCESSOR_DEFINITIONS = (
					"DEBUG=1",
					"$(inherited)",
				);
				GCC_WARN_64_TO_32_BIT_CONVERSION = YES;
				GCC_WARN_ABOUT_RETURN_TYPE = YES_ERROR;
				GCC_WARN_UNDECLARED_SELECTOR = YES;
				GCC_WARN_UNINITIALIZED_AUTOS = YES_AGGRESSIVE;
				GCC_WARN_UNUSED_FUNCTION = YES;
				GCC_WARN_UNUSED_VARIABLE = YES;
				IPHONEOS_DEPLOYMENT_TARGET = 10.1;
				MTL_ENABLE_DEBUG_INFO = YES;
				ONLY_ACTIVE_ARCH = YES;
				SDKROOT = iphoneos;
				SWIFT_ACTIVE_COMPILATION_CONDITIONS = DEBUG;
				SWIFT_OPTIMIZATION_LEVEL = "-Onone";
				TARGETED_DEVICE_FAMILY = "1,2";
			};
			name = Debug;
		};
		9891B0091DE5A0A700948E4F /* Release */ = {
			isa = XCBuildConfiguration;
			buildSettings = {
				ALWAYS_SEARCH_USER_PATHS = NO;
				CLANG_ANALYZER_NONNULL = YES;
				CLANG_CXX_LANGUAGE_STANDARD = "gnu++0x";
				CLANG_CXX_LIBRARY = "libc++";
				CLANG_ENABLE_MODULES = YES;
				CLANG_ENABLE_OBJC_ARC = YES;
				CLANG_WARN_BOOL_CONVERSION = YES;
				CLANG_WARN_CONSTANT_CONVERSION = YES;
				CLANG_WARN_DIRECT_OBJC_ISA_USAGE = YES_ERROR;
				CLANG_WARN_DOCUMENTATION_COMMENTS = YES;
				CLANG_WARN_EMPTY_BODY = YES;
				CLANG_WARN_ENUM_CONVERSION = YES;
				CLANG_WARN_INFINITE_RECURSION = YES;
				CLANG_WARN_INT_CONVERSION = YES;
				CLANG_WARN_OBJC_ROOT_CLASS = YES_ERROR;
				CLANG_WARN_SUSPICIOUS_MOVES = YES;
				CLANG_WARN_UNREACHABLE_CODE = YES;
				CLANG_WARN__DUPLICATE_METHOD_MATCH = YES;
				"CODE_SIGN_IDENTITY[sdk=iphoneos*]" = "iPhone Developer";
				COPY_PHASE_STRIP = NO;
				DEBUG_INFORMATION_FORMAT = "dwarf-with-dsym";
				ENABLE_NS_ASSERTIONS = NO;
				ENABLE_STRICT_OBJC_MSGSEND = YES;
				GCC_C_LANGUAGE_STANDARD = gnu99;
				GCC_NO_COMMON_BLOCKS = YES;
				GCC_WARN_64_TO_32_BIT_CONVERSION = YES;
				GCC_WARN_ABOUT_RETURN_TYPE = YES_ERROR;
				GCC_WARN_UNDECLARED_SELECTOR = YES;
				GCC_WARN_UNINITIALIZED_AUTOS = YES_AGGRESSIVE;
				GCC_WARN_UNUSED_FUNCTION = YES;
				GCC_WARN_UNUSED_VARIABLE = YES;
				IPHONEOS_DEPLOYMENT_TARGET = 10.1;
				MTL_ENABLE_DEBUG_INFO = NO;
				SDKROOT = iphoneos;
				SWIFT_OPTIMIZATION_LEVEL = "-Owholemodule";
				TARGETED_DEVICE_FAMILY = "1,2";
				VALIDATE_PRODUCT = YES;
			};
			name = Release;
		};
		9891B00B1DE5A0A700948E4F /* Debug */ = {
			isa = XCBuildConfiguration;
			buildSettings = {
				ASSETCATALOG_COMPILER_APPICON_NAME = AppIcon;
				INFOPLIST_FILE = MenuBars/Info.plist;
				LD_RUNPATH_SEARCH_PATHS = "$(inherited) @executable_path/Frameworks";
				PRODUCT_BUNDLE_IDENTIFIER = com.marcexmachina.MenuBars;
				PRODUCT_NAME = "$(TARGET_NAME)";
				SWIFT_VERSION = 3.0;
			};
			name = Debug;
		};
		9891B00C1DE5A0A700948E4F /* Release */ = {
			isa = XCBuildConfiguration;
			buildSettings = {
				ASSETCATALOG_COMPILER_APPICON_NAME = AppIcon;
				INFOPLIST_FILE = MenuBars/Info.plist;
				LD_RUNPATH_SEARCH_PATHS = "$(inherited) @executable_path/Frameworks";
				PRODUCT_BUNDLE_IDENTIFIER = com.marcexmachina.MenuBars;
				PRODUCT_NAME = "$(TARGET_NAME)";
				SWIFT_VERSION = 3.0;
			};
			name = Release;
		};
/* End XCBuildConfiguration section */

/* Begin XCConfigurationList section */
		9891AFF31DE5A0A700948E4F /* Build configuration list for PBXProject "MenuBars" */ = {
			isa = XCConfigurationList;
			buildConfigurations = (
				9891B0081DE5A0A700948E4F /* Debug */,
				9891B0091DE5A0A700948E4F /* Release */,
			);
			defaultConfigurationIsVisible = 0;
			defaultConfigurationName = Release;
		};
		9891B00A1DE5A0A700948E4F /* Build configuration list for PBXNativeTarget "MenuBars" */ = {
			isa = XCConfigurationList;
			buildConfigurations = (
				9891B00B1DE5A0A700948E4F /* Debug */,
				9891B00C1DE5A0A700948E4F /* Release */,
			);
			defaultConfigurationIsVisible = 0;
		};
/* End XCConfigurationList section */
	};
	rootObject = 9891AFF01DE5A0A700948E4F /* Project object */;
}
